<?xml version="1.0" encoding="utf-8"?>
<Project ToolsVersion="4.0" xmlns="http://schemas.microsoft.com/developer/msbuild/2003">
  <ItemGroup>
    <ClInclude Include="GameEngineObjectBase.h">
      <Filter>Object</Filter>
    </ClInclude>
    <ClInclude Include="GameEngineObjectNameBase.h">
      <Filter>Object</Filter>
    </ClInclude>
    <ClInclude Include="GameEngineDebug.h">
      <Filter>Debug</Filter>
    </ClInclude>
    <ClInclude Include="PreCompile.h">
      <Filter>PreCom</Filter>
    </ClInclude>
    <ClInclude Include="GameEngineDirectory.h">
      <Filter>IO</Filter>
    </ClInclude>
    <ClInclude Include="GameEngineFile.h">
      <Filter>IO</Filter>
    </ClInclude>
    <ClInclude Include="GameEnginePath.h">
      <Filter>IO</Filter>
    </ClInclude>
    <ClInclude Include="GameEngineTime.h">
      <Filter>Time</Filter>
    </ClInclude>
    <ClInclude Include="GameEngineSound.h">
      <Filter>Media</Filter>
    </ClInclude>
    <ClInclude Include="GameEngineSoundManager.h">
      <Filter>Media</Filter>
    </ClInclude>
    <ClInclude Include="GameEngineSoundPlayer.h">
      <Filter>Media</Filter>
    </ClInclude>
    <ClInclude Include="GameEngineString.h">
      <Filter>String</Filter>
    </ClInclude>
    <ClInclude Include="GameEngineMath.h">
      <Filter>Math</Filter>
    </ClInclude>
    <ClInclude Include="GameEngineRandom.h">
      <Filter>Math</Filter>
    </ClInclude>
  </ItemGroup>
  <ItemGroup>
    <ClCompile Include="GameEngineObjectBase.cpp">
      <Filter>Object</Filter>
    </ClCompile>
    <ClCompile Include="GameEngineObjectNameBase.cpp">
      <Filter>Object</Filter>
    </ClCompile>
    <ClCompile Include="GameEngineDebug.cpp">
      <Filter>Debug</Filter>
    </ClCompile>
    <ClCompile Include="PreCompile.cpp">
      <Filter>PreCom</Filter>
    </ClCompile>
    <ClCompile Include="GameEngineDirectory.cpp">
      <Filter>IO</Filter>
    </ClCompile>
    <ClCompile Include="GameEngineFile.cpp">
      <Filter>IO</Filter>
    </ClCompile>
    <ClCompile Include="GameEnginePath.cpp">
      <Filter>IO</Filter>
    </ClCompile>
    <ClCompile Include="GameEngineTime.cpp">
      <Filter>Time</Filter>
    </ClCompile>
    <ClCompile Include="GameEngineSound.cpp">
      <Filter>Media</Filter>
    </ClCompile>
    <ClCompile Include="GameEngineSoundManager.cpp">
      <Filter>Media</Filter>
    </ClCompile>
    <ClCompile Include="GameEngineSoundPlayer.cpp">
      <Filter>Media</Filter>
    </ClCompile>
    <ClCompile Include="GameEngineString.cpp">
      <Filter>String</Filter>
    </ClCompile>
    <ClCompile Include="GameEngineMath.cpp">
      <Filter>Math</Filter>
    </ClCompile>
    <ClCompile Include="GameEngineRandom.cpp">
      <Filter>Math</Filter>
    </ClCompile>
  </ItemGroup>
  <ItemGroup>
    <Filter Include="Object">
      <UniqueIdentifier>{18192196-22d6-42e1-ba86-0a7adba13d2f}</UniqueIdentifier>
    </Filter>
    <Filter Include="Debug">
      <UniqueIdentifier>{09d09722-77bd-4411-84f9-42a4a2e5e4c5}</UniqueIdentifier>
    </Filter>
    <Filter Include="PreCom">
      <UniqueIdentifier>{0c450119-517a-4233-bc32-5d3f516b5fe5}</UniqueIdentifier>
    </Filter>
    <Filter Include="IO">
      <UniqueIdentifier>{b3c04b5c-e78a-49d2-a8d7-112293c439bf}</UniqueIdentifier>
    </Filter>
    <Filter Include="Time">
      <UniqueIdentifier>{8b64a3ae-663c-4fb3-a3de-636a234e0f25}</UniqueIdentifier>
    </Filter>
    <Filter Include="Media">
      <UniqueIdentifier>{b1a93150-84fe-447a-8bfd-76fb98eeb6ce}</UniqueIdentifier>
    </Filter>
    <Filter Include="Lib">
      <UniqueIdentifier>{fa08020f-0291-4eff-8240-eb1ba65b65c0}</UniqueIdentifier>
    </Filter>
    <Filter Include="Lib\FMOD">
      <UniqueIdentifier>{552bab74-3eda-4ae8-bec2-be1c2bb1b3b2}</UniqueIdentifier>
    </Filter>
    <Filter Include="Lib\FMOD\Debug">
      <UniqueIdentifier>{f79931ce-ddfa-4dd2-8440-8979c7fb5abe}</UniqueIdentifier>
    </Filter>
    <Filter Include="Lib\FMOD\Release">
      <UniqueIdentifier>{b98551d4-9e05-4bef-a07d-f104ee486fd7}</UniqueIdentifier>
    </Filter>
    <Filter Include="String">
      <UniqueIdentifier>{0f6c42da-cf23-45ef-bcdf-93de81b8a025}</UniqueIdentifier>
    </Filter>
    <Filter Include="Math">
      <UniqueIdentifier>{5fdf0e02-afbd-483a-8f4d-d08d092e26d7}</UniqueIdentifier>
    </Filter>
  </ItemGroup>
  <ItemGroup>
    <CopyFileToFolders Include="..\ThirdParty\x64\Release\FMOD\fmod.dll">
      <Filter>Lib\FMOD\Release</Filter>
    </CopyFileToFolders>
    <CopyFileToFolders Include="..\ThirdParty\x64\Release\FMOD\fmod_vc.lib">
      <Filter>Lib\FMOD\Release</Filter>
    </CopyFileToFolders>
    <CopyFileToFolders Include="..\ThirdParty\x64\Release\FMOD\fmodL.dll">
      <Filter>Lib\FMOD\Debug</Filter>
    </CopyFileToFolders>
    <CopyFileToFolders Include="..\ThirdParty\x64\Release\FMOD\fmodL_vc.lib">
      <Filter>Lib\FMOD\Debug</Filter>
    </CopyFileToFolders>
  </ItemGroup>
</Project>