<?xml version="1.0" encoding="utf-8"?>
<Project ToolsVersion="4.0" xmlns="http://schemas.microsoft.com/developer/msbuild/2003">
  <ItemGroup>
    <Filter Include="PreCom">
      <UniqueIdentifier>{0bd97ee8-71a1-4b1a-a60e-49c1d8951877}</UniqueIdentifier>
    </Filter>
    <Filter Include="RenderingPipeLine">
      <UniqueIdentifier>{6b6176f9-e5b8-4d28-a0d9-40af93605ad2}</UniqueIdentifier>
    </Filter>
    <Filter Include="RenderingPipeLine\Shader">
      <UniqueIdentifier>{611d585b-0b35-4aeb-b62c-d33debb9645a}</UniqueIdentifier>
    </Filter>
    <Filter Include="Resources">
      <UniqueIdentifier>{1099e196-0e66-42d4-847d-fa96aa3f4e06}</UniqueIdentifier>
    </Filter>
    <Filter Include="Resources\99Manager">
      <UniqueIdentifier>{173f5514-707b-4b33-98c5-22ba21f08a5e}</UniqueIdentifier>
    </Filter>
    <Filter Include="Resources\00Buffer">
      <UniqueIdentifier>{5e5efa85-359a-47f2-876f-68460fabe2f7}</UniqueIdentifier>
    </Filter>
    <Filter Include="Resources\01Shader">
      <UniqueIdentifier>{8e3b9c88-dbe2-4b71-affa-0ec954d6de3d}</UniqueIdentifier>
    </Filter>
    <Filter Include="Resources\02Image">
      <UniqueIdentifier>{9f678736-b474-4052-a635-4db5121cdff0}</UniqueIdentifier>
    </Filter>
    <Filter Include="Resources\03Setting">
      <UniqueIdentifier>{00887d92-e0f1-47af-8288-d966ac375985}</UniqueIdentifier>
    </Filter>
  </ItemGroup>
  <ItemGroup>
    <ClInclude Include="PreCompile.h">
      <Filter>PreCom</Filter>
    </ClInclude>
    <ClInclude Include="GameEngineCore.h" />
    <ClInclude Include="GameEngineWindow.h" />
    <ClInclude Include="GameEngineRenderingPipeLine.h">
      <Filter>RenderingPipeLine</Filter>
    </ClInclude>
    <ClInclude Include="GameEngineIndexBuffer.h">
      <Filter>Resources\00Buffer</Filter>
    </ClInclude>
    <ClInclude Include="GameEngineVertexShader.h">
      <Filter>Resources\01Shader</Filter>
    </ClInclude>
    <ClInclude Include="GameEngineVertexBuffer.h">
      <Filter>Resources\00Buffer</Filter>
    </ClInclude>
    <ClInclude Include="GameEngineVertexBufferManager.h">
      <Filter>Resources\99Manager</Filter>
    </ClInclude>
    <ClInclude Include="GameEngineTexture.h">
      <Filter>Resources\02Image</Filter>
    </ClInclude>
    <ClInclude Include="GameEngineTextureManager.h">
      <Filter>Resources\99Manager</Filter>
    </ClInclude>
    <ClInclude Include="GameEngineVertexShaderManager.h">
      <Filter>Resources\99Manager</Filter>
    </ClInclude>
    <ClInclude Include="GameEngineIndexBufferManager.h">
      <Filter>Resources\99Manager</Filter>
    </ClInclude>
    <ClInclude Include="GameEngineReasterizer.h">
      <Filter>Resources\03Setting</Filter>
    </ClInclude>
    <ClInclude Include="GameEngineReasterizerManager.h">
      <Filter>Resources\99Manager</Filter>
    </ClInclude>
    <ClInclude Include="GameEngineResourcesManager.h">
      <Filter>Resources\99Manager</Filter>
    </ClInclude>
  </ItemGroup>
  <ItemGroup>
    <ClCompile Include="PreCompile.cpp">
      <Filter>PreCom</Filter>
    </ClCompile>
    <ClCompile Include="GameEngineCore.cpp" />
    <ClCompile Include="GameEngineWindow.cpp" />
    <ClCompile Include="GameEngineRenderingPipeLine.cpp">
      <Filter>RenderingPipeLine</Filter>
    </ClCompile>
    <ClCompile Include="GameEngineIndexBuffer.cpp">
      <Filter>Resources\00Buffer</Filter>
    </ClCompile>
    <ClCompile Include="GameEngineVertexShader.cpp">
      <Filter>Resources\01Shader</Filter>
    </ClCompile>
    <ClCompile Include="GameEngineVertexBuffer.cpp">
      <Filter>Resources\00Buffer</Filter>
    </ClCompile>
    <ClCompile Include="GameEngineVertexBufferManager.cpp">
      <Filter>Resources\99Manager</Filter>
    </ClCompile>
    <ClCompile Include="GameEngineTexture.cpp">
      <Filter>Resources\02Image</Filter>
    </ClCompile>
    <ClCompile Include="GameEngineTextureManager.cpp">
      <Filter>Resources\99Manager</Filter>
    </ClCompile>
    <ClCompile Include="GameEngineVertexShaderManager.cpp">
      <Filter>Resources\99Manager</Filter>
    </ClCompile>
    <ClCompile Include="GameEngineIndexBufferManager.cpp">
      <Filter>Resources\99Manager</Filter>
    </ClCompile>
    <ClCompile Include="GameEngineReasterizer.cpp">
      <Filter>Resources\03Setting</Filter>
    </ClCompile>
    <ClCompile Include="GameEngineReasterizerManager.cpp">
      <Filter>Resources\99Manager</Filter>
    </ClCompile>
  </ItemGroup>
</Project>